
Microsoft Visual Studio Solution File, Format Version 12.00
# Visual Studio Version 16
VisualStudioVersion = 16.0.29009.5
MinimumVisualStudioVersion = 10.0.40219.1
Project("{9A19103F-16F7-4668-BE54-9A1E7A4F7556}") = "CloudTrader.Traders.Api", "CloudTrader.Traders.Api\CloudTrader.Traders.Api.csproj", "{16931052-5FCD-480D-8707-B7A843B22C0F}"
EndProject
Project("{9A19103F-16F7-4668-BE54-9A1E7A4F7556}") = "CloudTrader.Traders.Domain", "CloudTrader.Traders.Domain\CloudTrader.Traders.Domain.csproj", "{E5026F6B-0017-44C9-9AE5-1DAC89D6C96B}"
EndProject
Project("{9A19103F-16F7-4668-BE54-9A1E7A4F7556}") = "CloudTrader.Traders.Data", "CloudTrader.Traders.Data\CloudTrader.Traders.Data.csproj", "{A17E7A52-4A89-4F82-A9D4-DB6FCA03E8EE}"
EndProject
Project("{9A19103F-16F7-4668-BE54-9A1E7A4F7556}") = "CloudTrader.Traders.Domain.Tests", "CloudTrader.Traders.Domain.Tests\CloudTrader.Traders.Domain.Tests.csproj", "{1C7FE1BE-38E0-4EC6-A44E-4D18CB30923D}"
EndProject
Project("{2150E333-8FDC-42A3-9474-1A3956D46DE8}") = "Test", "Test", "{606E19BE-6478-4F42-8233-4FB3FF9ACCA9}"
EndProject
Project("{9A19103F-16F7-4668-BE54-9A1E7A4F7556}") = "CloudTrader.Traders.Api.Tests", "CloudTrader.Traders.Api.Tests\CloudTrader.Traders.Api.Tests.csproj", "{2E1F9C75-F560-4228-94C3-8756981FD473}"
EndProject
Global
	GlobalSection(SolutionConfigurationPlatforms) = preSolution
		Debug|Any CPU = Debug|Any CPU
		Release|Any CPU = Release|Any CPU
	EndGlobalSection
	GlobalSection(ProjectConfigurationPlatforms) = postSolution
		{16931052-5FCD-480D-8707-B7A843B22C0F}.Debug|Any CPU.ActiveCfg = Debug|Any CPU
		{16931052-5FCD-480D-8707-B7A843B22C0F}.Debug|Any CPU.Build.0 = Debug|Any CPU
		{16931052-5FCD-480D-8707-B7A843B22C0F}.Release|Any CPU.ActiveCfg = Release|Any CPU
		{16931052-5FCD-480D-8707-B7A843B22C0F}.Release|Any CPU.Build.0 = Release|Any CPU
		{E5026F6B-0017-44C9-9AE5-1DAC89D6C96B}.Debug|Any CPU.ActiveCfg = Debug|Any CPU
		{E5026F6B-0017-44C9-9AE5-1DAC89D6C96B}.Debug|Any CPU.Build.0 = Debug|Any CPU
		{E5026F6B-0017-44C9-9AE5-1DAC89D6C96B}.Release|Any CPU.ActiveCfg = Release|Any CPU
		{E5026F6B-0017-44C9-9AE5-1DAC89D6C96B}.Release|Any CPU.Build.0 = Release|Any CPU
		{A17E7A52-4A89-4F82-A9D4-DB6FCA03E8EE}.Debug|Any CPU.ActiveCfg = Debug|Any CPU
		{A17E7A52-4A89-4F82-A9D4-DB6FCA03E8EE}.Debug|Any CPU.Build.0 = Debug|Any CPU
		{A17E7A52-4A89-4F82-A9D4-DB6FCA03E8EE}.Release|Any CPU.ActiveCfg = Release|Any CPU
		{A17E7A52-4A89-4F82-A9D4-DB6FCA03E8EE}.Release|Any CPU.Build.0 = Release|Any CPU
		{1C7FE1BE-38E0-4EC6-A44E-4D18CB30923D}.Debug|Any CPU.ActiveCfg = Debug|Any CPU
		{1C7FE1BE-38E0-4EC6-A44E-4D18CB30923D}.Debug|Any CPU.Build.0 = Debug|Any CPU
		{1C7FE1BE-38E0-4EC6-A44E-4D18CB30923D}.Release|Any CPU.ActiveCfg = Release|Any CPU
		{1C7FE1BE-38E0-4EC6-A44E-4D18CB30923D}.Release|Any CPU.Build.0 = Release|Any CPU
		{2E1F9C75-F560-4228-94C3-8756981FD473}.Debug|Any CPU.ActiveCfg = Debug|Any CPU
		{2E1F9C75-F560-4228-94C3-8756981FD473}.Debug|Any CPU.Build.0 = Debug|Any CPU
		{2E1F9C75-F560-4228-94C3-8756981FD473}.Release|Any CPU.ActiveCfg = Release|Any CPU
		{2E1F9C75-F560-4228-94C3-8756981FD473}.Release|Any CPU.Build.0 = Release|Any CPU
	EndGlobalSection
	GlobalSection(SolutionProperties) = preSolution
		HideSolutionNode = FALSE
	EndGlobalSection
	GlobalSection(NestedProjects) = preSolution
		{1C7FE1BE-38E0-4EC6-A44E-4D18CB30923D} = {606E19BE-6478-4F42-8233-4FB3FF9ACCA9}
		{2E1F9C75-F560-4228-94C3-8756981FD473} = {606E19BE-6478-4F42-8233-4FB3FF9ACCA9}
	EndGlobalSection
	GlobalSection(ExtensibilityGlobals) = postSolution
		SolutionGuid = {EB93D1F3-A7F0-402D-82C0-D8EC0453735A}
	EndGlobalSection
EndGlobal
