
Microsoft Visual Studio Solution File, Format Version 12.00
# Visual Studio Version 16
VisualStudioVersion = 16.0.29009.5
MinimumVisualStudioVersion = 10.0.40219.1
Project("{9A19103F-16F7-4668-BE54-9A1E7A4F7556}") = "CloudTrader.Traders.Api", "src\CloudTrader.Traders.Api\CloudTrader.Traders.Api.csproj", "{16931052-5FCD-480D-8707-B7A843B22C0F}"
	ProjectSection(ProjectDependencies) = postProject
		{3CD22F8E-D5A6-4971-927F-FA9C074211C1} = {3CD22F8E-D5A6-4971-927F-FA9C074211C1}
	EndProjectSection
EndProject
Project("{9A19103F-16F7-4668-BE54-9A1E7A4F7556}") = "CloudTrader.Traders.Service", "src\CloudTrader.Traders.Service\CloudTrader.Traders.Service.csproj", "{E5026F6B-0017-44C9-9AE5-1DAC89D6C96B}"
	ProjectSection(ProjectDependencies) = postProject
		{3CD22F8E-D5A6-4971-927F-FA9C074211C1} = {3CD22F8E-D5A6-4971-927F-FA9C074211C1}
	EndProjectSection
EndProject
Project("{9A19103F-16F7-4668-BE54-9A1E7A4F7556}") = "CloudTrader.Traders.Data", "src\CloudTrader.Traders.Data\CloudTrader.Traders.Data.csproj", "{A17E7A52-4A89-4F82-A9D4-DB6FCA03E8EE}"
	ProjectSection(ProjectDependencies) = postProject
		{3CD22F8E-D5A6-4971-927F-FA9C074211C1} = {3CD22F8E-D5A6-4971-927F-FA9C074211C1}
	EndProjectSection
EndProject
Project("{9A19103F-16F7-4668-BE54-9A1E7A4F7556}") = "CloudTrader.Traders.Service.Tests", "test\CloudTrader.Traders.Service.Tests\CloudTrader.Traders.Service.Tests.csproj", "{1C7FE1BE-38E0-4EC6-A44E-4D18CB30923D}"
EndProject
Project("{2150E333-8FDC-42A3-9474-1A3956D46DE8}") = "Src", "Src", "{B36C4EE7-899F-4F11-9995-ACFE20945C72}"
EndProject
Project("{2150E333-8FDC-42A3-9474-1A3956D46DE8}") = "Test", "Test", "{606E19BE-6478-4F42-8233-4FB3FF9ACCA9}"
EndProject
Project("{9A19103F-16F7-4668-BE54-9A1E7A4F7556}") = "CloudTrader.Traders.Models", "src\CloudTrader.Traders.Models\CloudTrader.Traders.Models.csproj", "{3CD22F8E-D5A6-4971-927F-FA9C074211C1}"
EndProject
Project("{FAE04EC0-301F-11D3-BF4B-00C04F79EFBC}") = "CloudTrader.Traders.Models.Tests", "Test\CloudTrader.Traders.Models.Test\CloudTrader.Traders.Models.Tests.csproj", "{C6FA190E-0655-45E4-8A0D-EE8966FD5F82}"
EndProject
Global
	GlobalSection(SolutionConfigurationPlatforms) = preSolution
		Debug|Any CPU = Debug|Any CPU
		Release|Any CPU = Release|Any CPU
	EndGlobalSection
	GlobalSection(ProjectConfigurationPlatforms) = postSolution
		{16931052-5FCD-480D-8707-B7A843B22C0F}.Debug|Any CPU.ActiveCfg = Debug|Any CPU
		{16931052-5FCD-480D-8707-B7A843B22C0F}.Debug|Any CPU.Build.0 = Debug|Any CPU
		{16931052-5FCD-480D-8707-B7A843B22C0F}.Release|Any CPU.ActiveCfg = Release|Any CPU
		{16931052-5FCD-480D-8707-B7A843B22C0F}.Release|Any CPU.Build.0 = Release|Any CPU
		{E5026F6B-0017-44C9-9AE5-1DAC89D6C96B}.Debug|Any CPU.ActiveCfg = Debug|Any CPU
		{E5026F6B-0017-44C9-9AE5-1DAC89D6C96B}.Debug|Any CPU.Build.0 = Debug|Any CPU
		{E5026F6B-0017-44C9-9AE5-1DAC89D6C96B}.Release|Any CPU.ActiveCfg = Release|Any CPU
		{E5026F6B-0017-44C9-9AE5-1DAC89D6C96B}.Release|Any CPU.Build.0 = Release|Any CPU
		{A17E7A52-4A89-4F82-A9D4-DB6FCA03E8EE}.Debug|Any CPU.ActiveCfg = Debug|Any CPU
		{A17E7A52-4A89-4F82-A9D4-DB6FCA03E8EE}.Debug|Any CPU.Build.0 = Debug|Any CPU
		{A17E7A52-4A89-4F82-A9D4-DB6FCA03E8EE}.Release|Any CPU.ActiveCfg = Release|Any CPU
		{A17E7A52-4A89-4F82-A9D4-DB6FCA03E8EE}.Release|Any CPU.Build.0 = Release|Any CPU
		{1C7FE1BE-38E0-4EC6-A44E-4D18CB30923D}.Debug|Any CPU.ActiveCfg = Debug|Any CPU
		{1C7FE1BE-38E0-4EC6-A44E-4D18CB30923D}.Debug|Any CPU.Build.0 = Debug|Any CPU
		{1C7FE1BE-38E0-4EC6-A44E-4D18CB30923D}.Release|Any CPU.ActiveCfg = Release|Any CPU
		{1C7FE1BE-38E0-4EC6-A44E-4D18CB30923D}.Release|Any CPU.Build.0 = Release|Any CPU
		{3CD22F8E-D5A6-4971-927F-FA9C074211C1}.Debug|Any CPU.ActiveCfg = Debug|Any CPU
		{3CD22F8E-D5A6-4971-927F-FA9C074211C1}.Debug|Any CPU.Build.0 = Debug|Any CPU
		{3CD22F8E-D5A6-4971-927F-FA9C074211C1}.Release|Any CPU.ActiveCfg = Release|Any CPU
		{3CD22F8E-D5A6-4971-927F-FA9C074211C1}.Release|Any CPU.Build.0 = Release|Any CPU
		{C6FA190E-0655-45E4-8A0D-EE8966FD5F82}.Debug|Any CPU.ActiveCfg = Debug|Any CPU
		{C6FA190E-0655-45E4-8A0D-EE8966FD5F82}.Debug|Any CPU.Build.0 = Debug|Any CPU
		{C6FA190E-0655-45E4-8A0D-EE8966FD5F82}.Release|Any CPU.ActiveCfg = Release|Any CPU
		{C6FA190E-0655-45E4-8A0D-EE8966FD5F82}.Release|Any CPU.Build.0 = Release|Any CPU
	EndGlobalSection
	GlobalSection(SolutionProperties) = preSolution
		HideSolutionNode = FALSE
	EndGlobalSection
	GlobalSection(NestedProjects) = preSolution
		{16931052-5FCD-480D-8707-B7A843B22C0F} = {B36C4EE7-899F-4F11-9995-ACFE20945C72}
		{E5026F6B-0017-44C9-9AE5-1DAC89D6C96B} = {B36C4EE7-899F-4F11-9995-ACFE20945C72}
		{A17E7A52-4A89-4F82-A9D4-DB6FCA03E8EE} = {B36C4EE7-899F-4F11-9995-ACFE20945C72}
		{1C7FE1BE-38E0-4EC6-A44E-4D18CB30923D} = {606E19BE-6478-4F42-8233-4FB3FF9ACCA9}
		{3CD22F8E-D5A6-4971-927F-FA9C074211C1} = {B36C4EE7-899F-4F11-9995-ACFE20945C72}
		{C6FA190E-0655-45E4-8A0D-EE8966FD5F82} = {606E19BE-6478-4F42-8233-4FB3FF9ACCA9}
	EndGlobalSection
	GlobalSection(ExtensibilityGlobals) = postSolution
		SolutionGuid = {EB93D1F3-A7F0-402D-82C0-D8EC0453735A}
	EndGlobalSection
EndGlobal
